schema: '2.0'
stages:
  data_ingestion:
    cmd: python src/fire_image_classifier/pipeline/stage_01_data_ingestion.py
    deps:
    - path: src/fire_image_classifier/conf/config.yaml
      hash: md5
      md5: 668873d896a4846476c7f60ae0d0eb66
      size: 788
    - path: src/fire_image_classifier/pipeline/stage_01_data_ingestion.py
      hash: md5
      md5: ef7af6228355cd89c3398140464e42d9
      size: 934
    outs:
    - path: artifacts/data_ingestion/fire_dataset
      hash: md5
      md5: c2b8078bc47e6bf326dccba23c420df8.dir
      size: 27439532
      nfiles: 208
